
Microsoft Visual Studio Solution File, Format Version 12.00
# Visual Studio Version 17
VisualStudioVersion = 17.9.34407.89
MinimumVisualStudioVersion = 10.0.40219.1
Project("{FAE04EC0-301F-11D3-BF4B-00C04F79EFBC}") = "WinFormsApp1", "WinFormsApp1\WinFormsApp1.csproj", "{42BEDE34-DADD-4D48-8014-36630FC0E5FA}"
EndProject
Global
	GlobalSection(SolutionConfigurationPlatforms) = preSolution
		Debug|Any CPU = Debug|Any CPU
		Release|Any CPU = Release|Any CPU
	EndGlobalSection
	GlobalSection(ProjectConfigurationPlatforms) = postSolution
		{42BEDE34-DADD-4D48-8014-36630FC0E5FA}.Debug|Any CPU.ActiveCfg = Debug|Any CPU
		{42BEDE34-DADD-4D48-8014-36630FC0E5FA}.Debug|Any CPU.Build.0 = Debug|Any CPU
		{42BEDE34-DADD-4D48-8014-36630FC0E5FA}.Release|Any CPU.ActiveCfg = Release|Any CPU
		{42BEDE34-DADD-4D48-8014-36630FC0E5FA}.Release|Any CPU.Build.0 = Release|Any CPU
	EndGlobalSection
	GlobalSection(SolutionProperties) = preSolution
		HideSolutionNode = FALSE
	EndGlobalSection
	GlobalSection(ExtensibilityGlobals) = postSolution
		SolutionGuid = {50B1431A-E061-4F32-BA1E-81865657418D}
	EndGlobalSection
EndGlobal
